
Microsoft Visual Studio Solution File, Format Version 12.00
# Visual Studio 15
Project("{FAE04EC0-301F-11D3-BF4B-00C04F79EFBC}") = "testeSeries", "testeSeries\testeSeries.csproj", "{FF529044-6951-40DE-B0A5-90A48B9230F6}"
EndProject
Global
	GlobalSection(SolutionConfigurationPlatforms) = preSolution
		Debug|Any CPU = Debug|Any CPU
		Release|Any CPU = Release|Any CPU
	EndGlobalSection
	GlobalSection(ProjectConfigurationPlatforms) = postSolution
		{FF529044-6951-40DE-B0A5-90A48B9230F6}.Debug|Any CPU.ActiveCfg = Debug|Any CPU
		{FF529044-6951-40DE-B0A5-90A48B9230F6}.Debug|Any CPU.Build.0 = Debug|Any CPU
		{FF529044-6951-40DE-B0A5-90A48B9230F6}.Release|Any CPU.ActiveCfg = Release|Any CPU
		{FF529044-6951-40DE-B0A5-90A48B9230F6}.Release|Any CPU.Build.0 = Release|Any CPU
	EndGlobalSection
EndGlobal
